// !$*UTF8*$!
{
	archiveVersion = 1;
	classes = {
	};
	objectVersion = 51;
	objects = {

/* Begin PBXBuildFile section */
		0C5A9652255A3C1600C653AF /* AppDelegate.m in Sources */ = {isa = PBXBuildFile; fileRef = 0C5A9651255A3C1600C653AF /* AppDelegate.m */; };
		0C5A9655255A3C1600C653AF /* SceneDelegate.m in Sources */ = {isa = PBXBuildFile; fileRef = 0C5A9654255A3C1600C653AF /* SceneDelegate.m */; };
		0C5A965D255A3C1600C653AF /* Assets.xcassets in Resources */ = {isa = PBXBuildFile; fileRef = 0C5A965C255A3C1600C653AF /* Assets.xcassets */; };
		0C5A9660255A3C1600C653AF /* LaunchScreen.storyboard in Resources */ = {isa = PBXBuildFile; fileRef = 0C5A965E255A3C1600C653AF /* LaunchScreen.storyboard */; };
		0C5A9663255A3C1600C653AF /* main.m in Sources */ = {isa = PBXBuildFile; fileRef = 0C5A9662255A3C1600C653AF /* main.m */; };
		0C5A966D255A3C1600C653AF /* GrassIosSamplesTests.m in Sources */ = {isa = PBXBuildFile; fileRef = 0C5A966C255A3C1600C653AF /* GrassIosSamplesTests.m */; };
		0C5A9678255A3C1700C653AF /* GrassIosSamplesUITests.m in Sources */ = {isa = PBXBuildFile; fileRef = 0C5A9677255A3C1700C653AF /* GrassIosSamplesUITests.m */; };
		0C5A9693255A78CF00C653AF /* SampleListViewController.m in Sources */ = {isa = PBXBuildFile; fileRef = 0C5A9692255A78CF00C653AF /* SampleListViewController.m */; };
		0C5A96AB255A876000C653AF /* ImageUIViewController.m in Sources */ = {isa = PBXBuildFile; fileRef = 0C5A96AA255A876000C653AF /* ImageUIViewController.m */; };
		0C5A96B1255A878600C653AF /* ButtonViewController.m in Sources */ = {isa = PBXBuildFile; fileRef = 0C5A96B0255A878600C653AF /* ButtonViewController.m */; };
		0C5A96BA255AA27D00C653AF /* BaseSampleInfo.m in Sources */ = {isa = PBXBuildFile; fileRef = 0C5A96B9255AA27D00C653AF /* BaseSampleInfo.m */; };
		0C5A96CA255AA45800C653AF /* SampleInfo.m in Sources */ = {isa = PBXBuildFile; fileRef = 0C5A96C9255AA45800C653AF /* SampleInfo.m */; };
		0C5A96D7255AB42A00C653AF /* SampleViewController.m in Sources */ = {isa = PBXBuildFile; fileRef = 0C5A96D6255AB42A00C653AF /* SampleViewController.m */; };
		0C6F88FC256A5448009D5594 /* QLAppLaunchTaskList.m in Sources */ = {isa = PBXBuildFile; fileRef = 0C6F88FB256A5448009D5594 /* QLAppLaunchTaskList.m */; };
		0C6F8905256A5727009D5594 /* QLAppLaunchTaskList_MainSync1.m in Sources */ = {isa = PBXBuildFile; fileRef = 0C6F8904256A5727009D5594 /* QLAppLaunchTaskList_MainSync1.m */; };
		0C6F890B256A573F009D5594 /* QLAppLaunchTaskList_Mainsync2.m in Sources */ = {isa = PBXBuildFile; fileRef = 0C6F890A256A573F009D5594 /* QLAppLaunchTaskList_Mainsync2.m */; };
		0C6F8915256A59F8009D5594 /* MockTVViewController.m in Sources */ = {isa = PBXBuildFile; fileRef = 0C6F8914256A59F8009D5594 /* MockTVViewController.m */; };
		0CEC0D82257B84DE0075AA5A /* SWCollectionViewController.m in Sources */ = {isa = PBXBuildFile; fileRef = 0CEC0D81257B84DE0075AA5A /* SWCollectionViewController.m */; };
		5CB386018485DAA39A905B31 /* Pods_GrassIosSamplesTests.framework in Frameworks */ = {isa = PBXBuildFile; fileRef = 8788A65E29FF1DBA8B7EE070 /* Pods_GrassIosSamplesTests.framework */; };
		A405A1B7259989040019A853 /* SWUILableViewController.m in Sources */ = {isa = PBXBuildFile; fileRef = A405A1B6259989040019A853 /* SWUILableViewController.m */; };
		A42461B82570D86C00C643B7 /* SWHomeTabBarController.m in Sources */ = {isa = PBXBuildFile; fileRef = A42461B72570D86C00C643B7 /* SWHomeTabBarController.m */; };
		A42461BE2570D8C100C643B7 /* SWPureOCViewController.m in Sources */ = {isa = PBXBuildFile; fileRef = A42461BD2570D8C100C643B7 /* SWPureOCViewController.m */; };
		A42462562570E34A00C643B7 /* SWBaseSampleListViewController.m in Sources */ = {isa = PBXBuildFile; fileRef = A42462542570E34A00C643B7 /* SWBaseSampleListViewController.m */; };
		A42462742570E42600C643B7 /* SWNavigationController.m in Sources */ = {isa = PBXBuildFile; fileRef = A42462732570E42600C643B7 /* SWNavigationController.m */; };
		A424627A2570E99D00C643B7 /* SWTVSampleListViewController.m in Sources */ = {isa = PBXBuildFile; fileRef = A42462792570E99D00C643B7 /* SWTVSampleListViewController.m */; };
		A42462812570EC1100C643B7 /* SWGcdViewController.m in Sources */ = {isa = PBXBuildFile; fileRef = A42462802570EC1100C643B7 /* SWGcdViewController.m */; };
		A424628D2570ED0E00C643B7 /* SWAlertViewController.m in Sources */ = {isa = PBXBuildFile; fileRef = A424628C2570ED0E00C643B7 /* SWAlertViewController.m */; };
		A469927C2579012C00B192BD /* SWSemaphoreDemo.m in Sources */ = {isa = PBXBuildFile; fileRef = A469927B2579012C00B192BD /* SWSemaphoreDemo.m */; };
		A4928F5B255BED6E00D82EF3 /* CustomViewViewController.m in Sources */ = {isa = PBXBuildFile; fileRef = A4928F5A255BED6E00D82EF3 /* CustomViewViewController.m */; };
		A4928F63255BEE2500D82EF3 /* CustomView.m in Sources */ = {isa = PBXBuildFile; fileRef = A4928F62255BEE2500D82EF3 /* CustomView.m */; };
		A4928FA6255CDF6000D82EF3 /* QLReCord.m in Sources */ = {isa = PBXBuildFile; fileRef = A4928FA5255CDF6000D82EF3 /* QLReCord.m */; };
		A4928FB6255CE1C900D82EF3 /* QLRecordTest.m in Sources */ = {isa = PBXBuildFile; fileRef = A4928FB5255CE1C900D82EF3 /* QLRecordTest.m */; };
		A4D4F217256BE0F30037E1F4 /* QADAdConfigManager.m in Sources */ = {isa = PBXBuildFile; fileRef = A4D4F216256BE0F30037E1F4 /* QADAdConfigManager.m */; };
		A4D4F21E256BE1B00037E1F4 /* QADIdfaManager.m in Sources */ = {isa = PBXBuildFile; fileRef = A4D4F21D256BE1B00037E1F4 /* QADIdfaManager.m */; };
		A4D4F232256BE3050037E1F4 /* QADIdfaManagerTest.m in Sources */ = {isa = PBXBuildFile; fileRef = A4D4F231256BE3050037E1F4 /* QADIdfaManagerTest.m */; };
		A4DEF4D525627BE10076D5D1 /* GetIDFAViewController.m in Sources */ = {isa = PBXBuildFile; fileRef = A4DEF4D425627BE10076D5D1 /* GetIDFAViewController.m */; };
		A4DEF5E42565151E0076D5D1 /* NSUserDefaultsViewController.m in Sources */ = {isa = PBXBuildFile; fileRef = A4DEF5E32565151D0076D5D1 /* NSUserDefaultsViewController.m */; };
		A4DEF5EA2565154A0076D5D1 /* HelloJsonViewController.m in Sources */ = {isa = PBXBuildFile; fileRef = A4DEF5E92565154A0076D5D1 /* HelloJsonViewController.m */; };
		A4DEF5F0256517A30076D5D1 /* HelloNSNotificationViewController.m in Sources */ = {isa = PBXBuildFile; fileRef = A4DEF5EF256517A30076D5D1 /* HelloNSNotificationViewController.m */; };
		B7524F0125A1DB61008EB751 /* SWNSAttributeStringViewController.m in Sources */ = {isa = PBXBuildFile; fileRef = B7524F0025A1DB61008EB751 /* SWNSAttributeStringViewController.m */; };
		B7524F0625A1FD03008EB751 /* HelloTestDemo.m in Sources */ = {isa = PBXBuildFile; fileRef = B7524F0525A1FD03008EB751 /* HelloTestDemo.m */; };
		E99621DBCA5E5CEA4E036EE7 /* Pods_GrassIosSamples_GrassIosSamplesUITests.framework in Frameworks */ = {isa = PBXBuildFile; fileRef = 97C2E44BCA1168D48213D753 /* Pods_GrassIosSamples_GrassIosSamplesUITests.framework */; };
		F265E290EEF32741BE8E722E /* Pods_GrassIosSamples.framework in Frameworks */ = {isa = PBXBuildFile; fileRef = 805926C4BFA83B1842DBC5CC /* Pods_GrassIosSamples.framework */; };
/* End PBXBuildFile section */

/* Begin PBXContainerItemProxy section */
		0C5A9669255A3C1600C653AF /* PBXContainerItemProxy */ = {
			isa = PBXContainerItemProxy;
			containerPortal = 0C5A9645255A3C1500C653AF /* Project object */;
			proxyType = 1;
			remoteGlobalIDString = 0C5A964C255A3C1600C653AF;
			remoteInfo = GrassIosSamples;
		};
		0C5A9674255A3C1600C653AF /* PBXContainerItemProxy */ = {
			isa = PBXContainerItemProxy;
			containerPortal = 0C5A9645255A3C1500C653AF /* Project object */;
			proxyType = 1;
			remoteGlobalIDString = 0C5A964C255A3C1600C653AF;
			remoteInfo = GrassIosSamples;
		};
/* End PBXContainerItemProxy section */

/* Begin PBXFileReference section */
		0C3D25CED76082113FE0475B /* Pods-GrassIosSamplesTests.release.xcconfig */ = {isa = PBXFileReference; includeInIndex = 1; lastKnownFileType = text.xcconfig; name = "Pods-GrassIosSamplesTests.release.xcconfig"; path = "Target Support Files/Pods-GrassIosSamplesTests/Pods-GrassIosSamplesTests.release.xcconfig"; sourceTree = "<group>"; };
		0C5A964D255A3C1600C653AF /* GrassIosSamples.app */ = {isa = PBXFileReference; explicitFileType = wrapper.application; includeInIndex = 0; path = GrassIosSamples.app; sourceTree = BUILT_PRODUCTS_DIR; };
		0C5A9650255A3C1600C653AF /* AppDelegate.h */ = {isa = PBXFileReference; lastKnownFileType = sourcecode.c.h; path = AppDelegate.h; sourceTree = "<group>"; };
		0C5A9651255A3C1600C653AF /* AppDelegate.m */ = {isa = PBXFileReference; lastKnownFileType = sourcecode.c.objc; path = AppDelegate.m; sourceTree = "<group>"; };
		0C5A9653255A3C1600C653AF /* SceneDelegate.h */ = {isa = PBXFileReference; lastKnownFileType = sourcecode.c.h; path = SceneDelegate.h; sourceTree = "<group>"; };
		0C5A9654255A3C1600C653AF /* SceneDelegate.m */ = {isa = PBXFileReference; lastKnownFileType = sourcecode.c.objc; path = SceneDelegate.m; sourceTree = "<group>"; };
		0C5A965C255A3C1600C653AF /* Assets.xcassets */ = {isa = PBXFileReference; lastKnownFileType = folder.assetcatalog; path = Assets.xcassets; sourceTree = "<group>"; };
		0C5A965F255A3C1600C653AF /* Base */ = {isa = PBXFileReference; lastKnownFileType = file.storyboard; name = Base; path = Base.lproj/LaunchScreen.storyboard; sourceTree = "<group>"; };
		0C5A9661255A3C1600C653AF /* Info.plist */ = {isa = PBXFileReference; lastKnownFileType = text.plist.xml; path = Info.plist; sourceTree = "<group>"; };
		0C5A9662255A3C1600C653AF /* main.m */ = {isa = PBXFileReference; lastKnownFileType = sourcecode.c.objc; path = main.m; sourceTree = "<group>"; };
		0C5A9668255A3C1600C653AF /* GrassIosSamplesTests.xctest */ = {isa = PBXFileReference; explicitFileType = wrapper.cfbundle; includeInIndex = 0; path = GrassIosSamplesTests.xctest; sourceTree = BUILT_PRODUCTS_DIR; };
		0C5A966C255A3C1600C653AF /* GrassIosSamplesTests.m */ = {isa = PBXFileReference; lastKnownFileType = sourcecode.c.objc; path = GrassIosSamplesTests.m; sourceTree = "<group>"; };
		0C5A966E255A3C1600C653AF /* Info.plist */ = {isa = PBXFileReference; lastKnownFileType = text.plist.xml; path = Info.plist; sourceTree = "<group>"; };
		0C5A9673255A3C1600C653AF /* GrassIosSamplesUITests.xctest */ = {isa = PBXFileReference; explicitFileType = wrapper.cfbundle; includeInIndex = 0; path = GrassIosSamplesUITests.xctest; sourceTree = BUILT_PRODUCTS_DIR; };
		0C5A9677255A3C1700C653AF /* GrassIosSamplesUITests.m */ = {isa = PBXFileReference; lastKnownFileType = sourcecode.c.objc; path = GrassIosSamplesUITests.m; sourceTree = "<group>"; };
		0C5A9679255A3C1700C653AF /* Info.plist */ = {isa = PBXFileReference; lastKnownFileType = text.plist.xml; path = Info.plist; sourceTree = "<group>"; };
		0C5A9691255A78CF00C653AF /* SampleListViewController.h */ = {isa = PBXFileReference; lastKnownFileType = sourcecode.c.h; path = SampleListViewController.h; sourceTree = "<group>"; };
		0C5A9692255A78CF00C653AF /* SampleListViewController.m */ = {isa = PBXFileReference; lastKnownFileType = sourcecode.c.objc; path = SampleListViewController.m; sourceTree = "<group>"; };
		0C5A96A9255A876000C653AF /* ImageUIViewController.h */ = {isa = PBXFileReference; lastKnownFileType = sourcecode.c.h; path = ImageUIViewController.h; sourceTree = "<group>"; };
		0C5A96AA255A876000C653AF /* ImageUIViewController.m */ = {isa = PBXFileReference; lastKnownFileType = sourcecode.c.objc; path = ImageUIViewController.m; sourceTree = "<group>"; };
		0C5A96AF255A878600C653AF /* ButtonViewController.h */ = {isa = PBXFileReference; lastKnownFileType = sourcecode.c.h; path = ButtonViewController.h; sourceTree = "<group>"; };
		0C5A96B0255A878600C653AF /* ButtonViewController.m */ = {isa = PBXFileReference; lastKnownFileType = sourcecode.c.objc; path = ButtonViewController.m; sourceTree = "<group>"; };
		0C5A96B8255AA27D00C653AF /* BaseSampleInfo.h */ = {isa = PBXFileReference; lastKnownFileType = sourcecode.c.h; path = BaseSampleInfo.h; sourceTree = "<group>"; };
		0C5A96B9255AA27D00C653AF /* BaseSampleInfo.m */ = {isa = PBXFileReference; lastKnownFileType = sourcecode.c.objc; path = BaseSampleInfo.m; sourceTree = "<group>"; };
		0C5A96C8255AA45800C653AF /* SampleInfo.h */ = {isa = PBXFileReference; lastKnownFileType = sourcecode.c.h; path = SampleInfo.h; sourceTree = "<group>"; };
		0C5A96C9255AA45800C653AF /* SampleInfo.m */ = {isa = PBXFileReference; lastKnownFileType = sourcecode.c.objc; path = SampleInfo.m; sourceTree = "<group>"; };
		0C5A96D5255AB42A00C653AF /* SampleViewController.h */ = {isa = PBXFileReference; lastKnownFileType = sourcecode.c.h; path = SampleViewController.h; sourceTree = "<group>"; };
		0C5A96D6255AB42A00C653AF /* SampleViewController.m */ = {isa = PBXFileReference; lastKnownFileType = sourcecode.c.objc; path = SampleViewController.m; sourceTree = "<group>"; };
		0C6F88FA256A5448009D5594 /* QLAppLaunchTaskList.h */ = {isa = PBXFileReference; lastKnownFileType = sourcecode.c.h; path = QLAppLaunchTaskList.h; sourceTree = "<group>"; };
		0C6F88FB256A5448009D5594 /* QLAppLaunchTaskList.m */ = {isa = PBXFileReference; lastKnownFileType = sourcecode.c.objc; path = QLAppLaunchTaskList.m; sourceTree = "<group>"; };
		0C6F8903256A5727009D5594 /* QLAppLaunchTaskList_MainSync1.h */ = {isa = PBXFileReference; lastKnownFileType = sourcecode.c.h; path = QLAppLaunchTaskList_MainSync1.h; sourceTree = "<group>"; };
		0C6F8904256A5727009D5594 /* QLAppLaunchTaskList_MainSync1.m */ = {isa = PBXFileReference; lastKnownFileType = sourcecode.c.objc; path = QLAppLaunchTaskList_MainSync1.m; sourceTree = "<group>"; };
		0C6F8909256A573F009D5594 /* QLAppLaunchTaskList_Mainsync2.h */ = {isa = PBXFileReference; lastKnownFileType = sourcecode.c.h; path = QLAppLaunchTaskList_Mainsync2.h; sourceTree = "<group>"; };
		0C6F890A256A573F009D5594 /* QLAppLaunchTaskList_Mainsync2.m */ = {isa = PBXFileReference; lastKnownFileType = sourcecode.c.objc; path = QLAppLaunchTaskList_Mainsync2.m; sourceTree = "<group>"; };
		0C6F8913256A59F8009D5594 /* MockTVViewController.h */ = {isa = PBXFileReference; lastKnownFileType = sourcecode.c.h; path = MockTVViewController.h; sourceTree = "<group>"; };
		0C6F8914256A59F8009D5594 /* MockTVViewController.m */ = {isa = PBXFileReference; lastKnownFileType = sourcecode.c.objc; path = MockTVViewController.m; sourceTree = "<group>"; };
		0CEC0D80257B84DE0075AA5A /* SWCollectionViewController.h */ = {isa = PBXFileReference; lastKnownFileType = sourcecode.c.h; path = SWCollectionViewController.h; sourceTree = "<group>"; };
		0CEC0D81257B84DE0075AA5A /* SWCollectionViewController.m */ = {isa = PBXFileReference; lastKnownFileType = sourcecode.c.objc; path = SWCollectionViewController.m; sourceTree = "<group>"; };
		28DE0D4B0A32C3C369385EBC /* Pods-GrassIosSamples-GrassIosSamplesUITests.debug.xcconfig */ = {isa = PBXFileReference; includeInIndex = 1; lastKnownFileType = text.xcconfig; name = "Pods-GrassIosSamples-GrassIosSamplesUITests.debug.xcconfig"; path = "Target Support Files/Pods-GrassIosSamples-GrassIosSamplesUITests/Pods-GrassIosSamples-GrassIosSamplesUITests.debug.xcconfig"; sourceTree = "<group>"; };
		805926C4BFA83B1842DBC5CC /* Pods_GrassIosSamples.framework */ = {isa = PBXFileReference; explicitFileType = wrapper.framework; includeInIndex = 0; path = Pods_GrassIosSamples.framework; sourceTree = BUILT_PRODUCTS_DIR; };
		8788A65E29FF1DBA8B7EE070 /* Pods_GrassIosSamplesTests.framework */ = {isa = PBXFileReference; explicitFileType = wrapper.framework; includeInIndex = 0; path = Pods_GrassIosSamplesTests.framework; sourceTree = BUILT_PRODUCTS_DIR; };
		89010B796ACEDA1DA284A605 /* Pods-GrassIosSamplesTests.debug.xcconfig */ = {isa = PBXFileReference; includeInIndex = 1; lastKnownFileType = text.xcconfig; name = "Pods-GrassIosSamplesTests.debug.xcconfig"; path = "Target Support Files/Pods-GrassIosSamplesTests/Pods-GrassIosSamplesTests.debug.xcconfig"; sourceTree = "<group>"; };
		97C2E44BCA1168D48213D753 /* Pods_GrassIosSamples_GrassIosSamplesUITests.framework */ = {isa = PBXFileReference; explicitFileType = wrapper.framework; includeInIndex = 0; path = Pods_GrassIosSamples_GrassIosSamplesUITests.framework; sourceTree = BUILT_PRODUCTS_DIR; };
		9B21B986DD9DD4A8FC7F36D7 /* Pods-GrassIosSamples.debug.xcconfig */ = {isa = PBXFileReference; includeInIndex = 1; lastKnownFileType = text.xcconfig; name = "Pods-GrassIosSamples.debug.xcconfig"; path = "Target Support Files/Pods-GrassIosSamples/Pods-GrassIosSamples.debug.xcconfig"; sourceTree = "<group>"; };
		A405A1B5259989040019A853 /* SWUILableViewController.h */ = {isa = PBXFileReference; lastKnownFileType = sourcecode.c.h; path = SWUILableViewController.h; sourceTree = "<group>"; };
		A405A1B6259989040019A853 /* SWUILableViewController.m */ = {isa = PBXFileReference; lastKnownFileType = sourcecode.c.objc; path = SWUILableViewController.m; sourceTree = "<group>"; };
		A42461B62570D86C00C643B7 /* SWHomeTabBarController.h */ = {isa = PBXFileReference; lastKnownFileType = sourcecode.c.h; path = SWHomeTabBarController.h; sourceTree = "<group>"; };
		A42461B72570D86C00C643B7 /* SWHomeTabBarController.m */ = {isa = PBXFileReference; lastKnownFileType = sourcecode.c.objc; path = SWHomeTabBarController.m; sourceTree = "<group>"; };
		A42461BC2570D8C100C643B7 /* SWPureOCViewController.h */ = {isa = PBXFileReference; lastKnownFileType = sourcecode.c.h; path = SWPureOCViewController.h; sourceTree = "<group>"; };
		A42461BD2570D8C100C643B7 /* SWPureOCViewController.m */ = {isa = PBXFileReference; lastKnownFileType = sourcecode.c.objc; path = SWPureOCViewController.m; sourceTree = "<group>"; };
		A42462542570E34A00C643B7 /* SWBaseSampleListViewController.m */ = {isa = PBXFileReference; fileEncoding = 4; lastKnownFileType = sourcecode.c.objc; path = SWBaseSampleListViewController.m; sourceTree = "<group>"; };
		A42462552570E34A00C643B7 /* SWBaseSampleListViewController.h */ = {isa = PBXFileReference; fileEncoding = 4; lastKnownFileType = sourcecode.c.h; path = SWBaseSampleListViewController.h; sourceTree = "<group>"; };
		A42462722570E42600C643B7 /* SWNavigationController.h */ = {isa = PBXFileReference; lastKnownFileType = sourcecode.c.h; path = SWNavigationController.h; sourceTree = "<group>"; };
		A42462732570E42600C643B7 /* SWNavigationController.m */ = {isa = PBXFileReference; lastKnownFileType = sourcecode.c.objc; path = SWNavigationController.m; sourceTree = "<group>"; };
		A42462782570E99D00C643B7 /* SWTVSampleListViewController.h */ = {isa = PBXFileReference; lastKnownFileType = sourcecode.c.h; path = SWTVSampleListViewController.h; sourceTree = "<group>"; };
		A42462792570E99D00C643B7 /* SWTVSampleListViewController.m */ = {isa = PBXFileReference; lastKnownFileType = sourcecode.c.objc; path = SWTVSampleListViewController.m; sourceTree = "<group>"; };
		A424627F2570EC1100C643B7 /* SWGcdViewController.h */ = {isa = PBXFileReference; lastKnownFileType = sourcecode.c.h; path = SWGcdViewController.h; sourceTree = "<group>"; };
		A42462802570EC1100C643B7 /* SWGcdViewController.m */ = {isa = PBXFileReference; lastKnownFileType = sourcecode.c.objc; path = SWGcdViewController.m; sourceTree = "<group>"; };
		A424628B2570ED0E00C643B7 /* SWAlertViewController.h */ = {isa = PBXFileReference; lastKnownFileType = sourcecode.c.h; path = SWAlertViewController.h; sourceTree = "<group>"; };
		A424628C2570ED0E00C643B7 /* SWAlertViewController.m */ = {isa = PBXFileReference; lastKnownFileType = sourcecode.c.objc; path = SWAlertViewController.m; sourceTree = "<group>"; };
		A469927A2579012C00B192BD /* SWSemaphoreDemo.h */ = {isa = PBXFileReference; lastKnownFileType = sourcecode.c.h; path = SWSemaphoreDemo.h; sourceTree = "<group>"; };
		A469927B2579012C00B192BD /* SWSemaphoreDemo.m */ = {isa = PBXFileReference; lastKnownFileType = sourcecode.c.objc; path = SWSemaphoreDemo.m; sourceTree = "<group>"; };
		A4928F59255BED6E00D82EF3 /* CustomViewViewController.h */ = {isa = PBXFileReference; lastKnownFileType = sourcecode.c.h; path = CustomViewViewController.h; sourceTree = "<group>"; };
		A4928F5A255BED6E00D82EF3 /* CustomViewViewController.m */ = {isa = PBXFileReference; lastKnownFileType = sourcecode.c.objc; path = CustomViewViewController.m; sourceTree = "<group>"; };
		A4928F61255BEE2500D82EF3 /* CustomView.h */ = {isa = PBXFileReference; lastKnownFileType = sourcecode.c.h; path = CustomView.h; sourceTree = "<group>"; };
		A4928F62255BEE2500D82EF3 /* CustomView.m */ = {isa = PBXFileReference; lastKnownFileType = sourcecode.c.objc; path = CustomView.m; sourceTree = "<group>"; };
		A4928FA4255CDF6000D82EF3 /* QLReCord.h */ = {isa = PBXFileReference; lastKnownFileType = sourcecode.c.h; path = QLReCord.h; sourceTree = "<group>"; };
		A4928FA5255CDF6000D82EF3 /* QLReCord.m */ = {isa = PBXFileReference; lastKnownFileType = sourcecode.c.objc; path = QLReCord.m; sourceTree = "<group>"; };
		A4928FB5255CE1C900D82EF3 /* QLRecordTest.m */ = {isa = PBXFileReference; lastKnownFileType = sourcecode.c.objc; path = QLRecordTest.m; sourceTree = "<group>"; };
		A4D4F215256BE0F30037E1F4 /* QADAdConfigManager.h */ = {isa = PBXFileReference; lastKnownFileType = sourcecode.c.h; path = QADAdConfigManager.h; sourceTree = "<group>"; };
		A4D4F216256BE0F30037E1F4 /* QADAdConfigManager.m */ = {isa = PBXFileReference; lastKnownFileType = sourcecode.c.objc; path = QADAdConfigManager.m; sourceTree = "<group>"; };
		A4D4F21C256BE1B00037E1F4 /* QADIdfaManager.h */ = {isa = PBXFileReference; lastKnownFileType = sourcecode.c.h; path = QADIdfaManager.h; sourceTree = "<group>"; };
		A4D4F21D256BE1B00037E1F4 /* QADIdfaManager.m */ = {isa = PBXFileReference; lastKnownFileType = sourcecode.c.objc; path = QADIdfaManager.m; sourceTree = "<group>"; };
		A4D4F231256BE3050037E1F4 /* QADIdfaManagerTest.m */ = {isa = PBXFileReference; lastKnownFileType = sourcecode.c.objc; path = QADIdfaManagerTest.m; sourceTree = "<group>"; };
		A4DEF4D325627BE10076D5D1 /* GetIDFAViewController.h */ = {isa = PBXFileReference; lastKnownFileType = sourcecode.c.h; path = GetIDFAViewController.h; sourceTree = "<group>"; };
		A4DEF4D425627BE10076D5D1 /* GetIDFAViewController.m */ = {isa = PBXFileReference; lastKnownFileType = sourcecode.c.objc; path = GetIDFAViewController.m; sourceTree = "<group>"; };
		A4DEF5E22565151D0076D5D1 /* NSUserDefaultsViewController.h */ = {isa = PBXFileReference; lastKnownFileType = sourcecode.c.h; path = NSUserDefaultsViewController.h; sourceTree = "<group>"; };
		A4DEF5E32565151D0076D5D1 /* NSUserDefaultsViewController.m */ = {isa = PBXFileReference; lastKnownFileType = sourcecode.c.objc; path = NSUserDefaultsViewController.m; sourceTree = "<group>"; };
		A4DEF5E82565154A0076D5D1 /* HelloJsonViewController.h */ = {isa = PBXFileReference; lastKnownFileType = sourcecode.c.h; path = HelloJsonViewController.h; sourceTree = "<group>"; };
		A4DEF5E92565154A0076D5D1 /* HelloJsonViewController.m */ = {isa = PBXFileReference; lastKnownFileType = sourcecode.c.objc; path = HelloJsonViewController.m; sourceTree = "<group>"; };
		A4DEF5EE256517A30076D5D1 /* HelloNSNotificationViewController.h */ = {isa = PBXFileReference; lastKnownFileType = sourcecode.c.h; path = HelloNSNotificationViewController.h; sourceTree = "<group>"; };
		A4DEF5EF256517A30076D5D1 /* HelloNSNotificationViewController.m */ = {isa = PBXFileReference; lastKnownFileType = sourcecode.c.objc; path = HelloNSNotificationViewController.m; sourceTree = "<group>"; };
		B7524EFF25A1DB61008EB751 /* SWNSAttributeStringViewController.h */ = {isa = PBXFileReference; lastKnownFileType = sourcecode.c.h; path = SWNSAttributeStringViewController.h; sourceTree = "<group>"; };
		B7524F0025A1DB61008EB751 /* SWNSAttributeStringViewController.m */ = {isa = PBXFileReference; lastKnownFileType = sourcecode.c.objc; path = SWNSAttributeStringViewController.m; sourceTree = "<group>"; };
		B7524F0525A1FD03008EB751 /* HelloTestDemo.m */ = {isa = PBXFileReference; lastKnownFileType = sourcecode.c.objc; path = HelloTestDemo.m; sourceTree = "<group>"; };
		BCAE541ADF8C48398ADEB95D /* Pods-GrassIosSamples-GrassIosSamplesUITests.release.xcconfig */ = {isa = PBXFileReference; includeInIndex = 1; lastKnownFileType = text.xcconfig; name = "Pods-GrassIosSamples-GrassIosSamplesUITests.release.xcconfig"; path = "Target Support Files/Pods-GrassIosSamples-GrassIosSamplesUITests/Pods-GrassIosSamples-GrassIosSamplesUITests.release.xcconfig"; sourceTree = "<group>"; };
		C7F7ADF5F5EFC89F1D351307 /* Pods-GrassIosSamples.release.xcconfig */ = {isa = PBXFileReference; includeInIndex = 1; lastKnownFileType = text.xcconfig; name = "Pods-GrassIosSamples.release.xcconfig"; path = "Target Support Files/Pods-GrassIosSamples/Pods-GrassIosSamples.release.xcconfig"; sourceTree = "<group>"; };
/* End PBXFileReference section */

/* Begin PBXFrameworksBuildPhase section */
		0C5A964A255A3C1600C653AF /* Frameworks */ = {
			isa = PBXFrameworksBuildPhase;
			buildActionMask = 2147483647;
			files = (
				F265E290EEF32741BE8E722E /* Pods_GrassIosSamples.framework in Frameworks */,
			);
			runOnlyForDeploymentPostprocessing = 0;
		};
		0C5A9665255A3C1600C653AF /* Frameworks */ = {
			isa = PBXFrameworksBuildPhase;
			buildActionMask = 2147483647;
			files = (
				5CB386018485DAA39A905B31 /* Pods_GrassIosSamplesTests.framework in Frameworks */,
			);
			runOnlyForDeploymentPostprocessing = 0;
		};
		0C5A9670255A3C1600C653AF /* Frameworks */ = {
			isa = PBXFrameworksBuildPhase;
			buildActionMask = 2147483647;
			files = (
				E99621DBCA5E5CEA4E036EE7 /* Pods_GrassIosSamples_GrassIosSamplesUITests.framework in Frameworks */,
			);
			runOnlyForDeploymentPostprocessing = 0;
		};
/* End PBXFrameworksBuildPhase section */

/* Begin PBXGroup section */
		0C5A9644255A3C1500C653AF = {
			isa = PBXGroup;
			children = (
				0C5A964F255A3C1600C653AF /* GrassIosSamples */,
				0C5A966B255A3C1600C653AF /* GrassIosSamplesTests */,
				0C5A9676255A3C1700C653AF /* GrassIosSamplesUITests */,
				0C5A964E255A3C1600C653AF /* Products */,
				FC61F93DE295DE997A85D76E /* Pods */,
				EAD514E11341420411E5947F /* Frameworks */,
			);
			sourceTree = "<group>";
		};
		0C5A964E255A3C1600C653AF /* Products */ = {
			isa = PBXGroup;
			children = (
				0C5A964D255A3C1600C653AF /* GrassIosSamples.app */,
				0C5A9668255A3C1600C653AF /* GrassIosSamplesTests.xctest */,
				0C5A9673255A3C1600C653AF /* GrassIosSamplesUITests.xctest */,
			);
			name = Products;
			sourceTree = "<group>";
		};
		0C5A964F255A3C1600C653AF /* GrassIosSamples */ = {
			isa = PBXGroup;
			children = (
				A46992792579010500B192BD /* gcd */,
				A424627E2570EAF400C643B7 /* samples */,
				A42462532570E2EF00C643B7 /* base */,
				A42461AC2570D7DA00C643B7 /* home */,
				A4D4F214256BE0640037E1F4 /* mockidfa */,
				0C6F890F256A5928009D5594 /* mocktv */,
				A4928FA3255CDF2800D82EF3 /* ut */,
				A4928F60255BEDD300D82EF3 /* customview */,
				0C5A96D4255AB3FF00C653AF /* vc */,
				0C5A96BE255AA37400C653AF /* mdoel */,
				0C5A9650255A3C1600C653AF /* AppDelegate.h */,
				0C5A9651255A3C1600C653AF /* AppDelegate.m */,
				0C5A9653255A3C1600C653AF /* SceneDelegate.h */,
				0C5A9654255A3C1600C653AF /* SceneDelegate.m */,
				0C5A965C255A3C1600C653AF /* Assets.xcassets */,
				0C5A965E255A3C1600C653AF /* LaunchScreen.storyboard */,
				0C5A9661255A3C1600C653AF /* Info.plist */,
				0C5A9662255A3C1600C653AF /* main.m */,
				0C5A96A9255A876000C653AF /* ImageUIViewController.h */,
				0C5A96AA255A876000C653AF /* ImageUIViewController.m */,
				0C5A96AF255A878600C653AF /* ButtonViewController.h */,
				0C5A96B0255A878600C653AF /* ButtonViewController.m */,
				0C5A96B8255AA27D00C653AF /* BaseSampleInfo.h */,
				0C5A96B9255AA27D00C653AF /* BaseSampleInfo.m */,
			);
			path = GrassIosSamples;
			sourceTree = "<group>";
		};
		0C5A966B255A3C1600C653AF /* GrassIosSamplesTests */ = {
			isa = PBXGroup;
			children = (
				0C5A966C255A3C1600C653AF /* GrassIosSamplesTests.m */,
				0C5A966E255A3C1600C653AF /* Info.plist */,
				A4928FB5255CE1C900D82EF3 /* QLRecordTest.m */,
				A4D4F231256BE3050037E1F4 /* QADIdfaManagerTest.m */,
				B7524F0525A1FD03008EB751 /* HelloTestDemo.m */,
			);
			path = GrassIosSamplesTests;
			sourceTree = "<group>";
		};
		0C5A9676255A3C1700C653AF /* GrassIosSamplesUITests */ = {
			isa = PBXGroup;
			children = (
				0C5A9677255A3C1700C653AF /* GrassIosSamplesUITests.m */,
				0C5A9679255A3C1700C653AF /* Info.plist */,
			);
			path = GrassIosSamplesUITests;
			sourceTree = "<group>";
		};
		0C5A96BE255AA37400C653AF /* mdoel */ = {
			isa = PBXGroup;
			children = (
				0C5A96C8255AA45800C653AF /* SampleInfo.h */,
				0C5A96C9255AA45800C653AF /* SampleInfo.m */,
			);
			path = mdoel;
			sourceTree = "<group>";
		};
		0C5A96D4255AB3FF00C653AF /* vc */ = {
			isa = PBXGroup;
			children = (
				0C5A96D5255AB42A00C653AF /* SampleViewController.h */,
				0C5A96D6255AB42A00C653AF /* SampleViewController.m */,
				A4DEF4D325627BE10076D5D1 /* GetIDFAViewController.h */,
				A4DEF4D425627BE10076D5D1 /* GetIDFAViewController.m */,
				A4DEF5E22565151D0076D5D1 /* NSUserDefaultsViewController.h */,
				A4DEF5E32565151D0076D5D1 /* NSUserDefaultsViewController.m */,
				A4DEF5E82565154A0076D5D1 /* HelloJsonViewController.h */,
				A4DEF5E92565154A0076D5D1 /* HelloJsonViewController.m */,
				A4DEF5EE256517A30076D5D1 /* HelloNSNotificationViewController.h */,
				A4DEF5EF256517A30076D5D1 /* HelloNSNotificationViewController.m */,
			);
			path = vc;
			sourceTree = "<group>";
		};
		0C6F890F256A5928009D5594 /* mocktv */ = {
			isa = PBXGroup;
			children = (
				0C6F88FA256A5448009D5594 /* QLAppLaunchTaskList.h */,
				0C6F88FB256A5448009D5594 /* QLAppLaunchTaskList.m */,
				0C6F8903256A5727009D5594 /* QLAppLaunchTaskList_MainSync1.h */,
				0C6F8904256A5727009D5594 /* QLAppLaunchTaskList_MainSync1.m */,
				0C6F8909256A573F009D5594 /* QLAppLaunchTaskList_Mainsync2.h */,
				0C6F890A256A573F009D5594 /* QLAppLaunchTaskList_Mainsync2.m */,
				0C6F8913256A59F8009D5594 /* MockTVViewController.h */,
				0C6F8914256A59F8009D5594 /* MockTVViewController.m */,
			);
			path = mocktv;
			sourceTree = "<group>";
		};
		A42461AC2570D7DA00C643B7 /* home */ = {
			isa = PBXGroup;
			children = (
				A42461B62570D86C00C643B7 /* SWHomeTabBarController.h */,
				A42461B72570D86C00C643B7 /* SWHomeTabBarController.m */,
				A42461BC2570D8C100C643B7 /* SWPureOCViewController.h */,
				A42461BD2570D8C100C643B7 /* SWPureOCViewController.m */,
				A42462782570E99D00C643B7 /* SWTVSampleListViewController.h */,
				A42462792570E99D00C643B7 /* SWTVSampleListViewController.m */,
				0C5A9691255A78CF00C653AF /* SampleListViewController.h */,
				0C5A9692255A78CF00C653AF /* SampleListViewController.m */,
			);
			path = home;
			sourceTree = "<group>";
		};
		A42462532570E2EF00C643B7 /* base */ = {
			isa = PBXGroup;
			children = (
				A42462552570E34A00C643B7 /* SWBaseSampleListViewController.h */,
				A42462542570E34A00C643B7 /* SWBaseSampleListViewController.m */,
				A42462722570E42600C643B7 /* SWNavigationController.h */,
				A42462732570E42600C643B7 /* SWNavigationController.m */,
			);
			path = base;
			sourceTree = "<group>";
		};
		A424627E2570EAF400C643B7 /* samples */ = {
			isa = PBXGroup;
			children = (
				A424627F2570EC1100C643B7 /* SWGcdViewController.h */,
				A42462802570EC1100C643B7 /* SWGcdViewController.m */,
				A424628B2570ED0E00C643B7 /* SWAlertViewController.h */,
				A424628C2570ED0E00C643B7 /* SWAlertViewController.m */,
				0CEC0D80257B84DE0075AA5A /* SWCollectionViewController.h */,
				0CEC0D81257B84DE0075AA5A /* SWCollectionViewController.m */,
				B7524EFF25A1DB61008EB751 /* SWNSAttributeStringViewController.h */,
				B7524F0025A1DB61008EB751 /* SWNSAttributeStringViewController.m */,
				A405A1B5259989040019A853 /* SWUILableViewController.h */,
				A405A1B6259989040019A853 /* SWUILableViewController.m */,
			);
			path = samples;
			sourceTree = "<group>";
		};
		A46992792579010500B192BD /* gcd */ = {
			isa = PBXGroup;
			children = (
				A469927A2579012C00B192BD /* SWSemaphoreDemo.h */,
				A469927B2579012C00B192BD /* SWSemaphoreDemo.m */,
			);
			path = gcd;
			sourceTree = "<group>";
		};
		A4928F60255BEDD300D82EF3 /* customview */ = {
			isa = PBXGroup;
			children = (
				A4928F59255BED6E00D82EF3 /* CustomViewViewController.h */,
				A4928F5A255BED6E00D82EF3 /* CustomViewViewController.m */,
				A4928F61255BEE2500D82EF3 /* CustomView.h */,
				A4928F62255BEE2500D82EF3 /* CustomView.m */,
			);
			path = customview;
			sourceTree = "<group>";
		};
		A4928FA3255CDF2800D82EF3 /* ut */ = {
			isa = PBXGroup;
			children = (
				A4928FA4255CDF6000D82EF3 /* QLReCord.h */,
				A4928FA5255CDF6000D82EF3 /* QLReCord.m */,
			);
			path = ut;
			sourceTree = "<group>";
		};
		A4D4F214256BE0640037E1F4 /* mockidfa */ = {
			isa = PBXGroup;
			children = (
				A4D4F215256BE0F30037E1F4 /* QADAdConfigManager.h */,
				A4D4F216256BE0F30037E1F4 /* QADAdConfigManager.m */,
				A4D4F21C256BE1B00037E1F4 /* QADIdfaManager.h */,
				A4D4F21D256BE1B00037E1F4 /* QADIdfaManager.m */,
			);
			path = mockidfa;
			sourceTree = "<group>";
		};
		EAD514E11341420411E5947F /* Frameworks */ = {
			isa = PBXGroup;
			children = (
				805926C4BFA83B1842DBC5CC /* Pods_GrassIosSamples.framework */,
				97C2E44BCA1168D48213D753 /* Pods_GrassIosSamples_GrassIosSamplesUITests.framework */,
				8788A65E29FF1DBA8B7EE070 /* Pods_GrassIosSamplesTests.framework */,
			);
			name = Frameworks;
			sourceTree = "<group>";
		};
		FC61F93DE295DE997A85D76E /* Pods */ = {
			isa = PBXGroup;
			children = (
				9B21B986DD9DD4A8FC7F36D7 /* Pods-GrassIosSamples.debug.xcconfig */,
				C7F7ADF5F5EFC89F1D351307 /* Pods-GrassIosSamples.release.xcconfig */,
				28DE0D4B0A32C3C369385EBC /* Pods-GrassIosSamples-GrassIosSamplesUITests.debug.xcconfig */,
				BCAE541ADF8C48398ADEB95D /* Pods-GrassIosSamples-GrassIosSamplesUITests.release.xcconfig */,
				89010B796ACEDA1DA284A605 /* Pods-GrassIosSamplesTests.debug.xcconfig */,
				0C3D25CED76082113FE0475B /* Pods-GrassIosSamplesTests.release.xcconfig */,
			);
			path = Pods;
			sourceTree = "<group>";
		};
/* End PBXGroup section */

/* Begin PBXNativeTarget section */
		0C5A964C255A3C1600C653AF /* GrassIosSamples */ = {
			isa = PBXNativeTarget;
			buildConfigurationList = 0C5A967C255A3C1700C653AF /* Build configuration list for PBXNativeTarget "GrassIosSamples" */;
			buildPhases = (
				9436D59DDAD8E17D63A48887 /* [CP] Check Pods Manifest.lock */,
				0C5A9649255A3C1600C653AF /* Sources */,
				0C5A964A255A3C1600C653AF /* Frameworks */,
				0C5A964B255A3C1600C653AF /* Resources */,
			);
			buildRules = (
			);
			dependencies = (
			);
			name = GrassIosSamples;
			productName = GrassIosSamples;
			productReference = 0C5A964D255A3C1600C653AF /* GrassIosSamples.app */;
			productType = "com.apple.product-type.application";
		};
		0C5A9667255A3C1600C653AF /* GrassIosSamplesTests */ = {
			isa = PBXNativeTarget;
			buildConfigurationList = 0C5A967F255A3C1700C653AF /* Build configuration list for PBXNativeTarget "GrassIosSamplesTests" */;
			buildPhases = (
				90EEB45531EDBF17B02C6CFB /* [CP] Check Pods Manifest.lock */,
				0C5A9664255A3C1600C653AF /* Sources */,
				0C5A9665255A3C1600C653AF /* Frameworks */,
				0C5A9666255A3C1600C653AF /* Resources */,
				A43D349F945D69DD1A752F78 /* [CP] Embed Pods Frameworks */,
			);
			buildRules = (
			);
			dependencies = (
				0C5A966A255A3C1600C653AF /* PBXTargetDependency */,
			);
			name = GrassIosSamplesTests;
			productName = GrassIosSamplesTests;
			productReference = 0C5A9668255A3C1600C653AF /* GrassIosSamplesTests.xctest */;
			productType = "com.apple.product-type.bundle.unit-test";
		};
		0C5A9672255A3C1600C653AF /* GrassIosSamplesUITests */ = {
			isa = PBXNativeTarget;
			buildConfigurationList = 0C5A9682255A3C1700C653AF /* Build configuration list for PBXNativeTarget "GrassIosSamplesUITests" */;
			buildPhases = (
				988045DF6620E294E9F44A4C /* [CP] Check Pods Manifest.lock */,
				0C5A966F255A3C1600C653AF /* Sources */,
				0C5A9670255A3C1600C653AF /* Frameworks */,
				0C5A9671255A3C1600C653AF /* Resources */,
			);
			buildRules = (
			);
			dependencies = (
				0C5A9675255A3C1600C653AF /* PBXTargetDependency */,
			);
			name = GrassIosSamplesUITests;
			productName = GrassIosSamplesUITests;
			productReference = 0C5A9673255A3C1600C653AF /* GrassIosSamplesUITests.xctest */;
			productType = "com.apple.product-type.bundle.ui-testing";
		};
/* End PBXNativeTarget section */

/* Begin PBXProject section */
		0C5A9645255A3C1500C653AF /* Project object */ = {
			isa = PBXProject;
			attributes = {
				LastUpgradeCheck = 1210;
				TargetAttributes = {
					0C5A964C255A3C1600C653AF = {
						CreatedOnToolsVersion = 12.1;
					};
					0C5A9667255A3C1600C653AF = {
						CreatedOnToolsVersion = 12.1;
						TestTargetID = 0C5A964C255A3C1600C653AF;
					};
					0C5A9672255A3C1600C653AF = {
						CreatedOnToolsVersion = 12.1;
						TestTargetID = 0C5A964C255A3C1600C653AF;
					};
				};
			};
			buildConfigurationList = 0C5A9648255A3C1500C653AF /* Build configuration list for PBXProject "GrassIosSamples" */;
			compatibilityVersion = "Xcode 9.3";
			developmentRegion = en;
			hasScannedForEncodings = 0;
			knownRegions = (
				en,
				Base,
			);
			mainGroup = 0C5A9644255A3C1500C653AF;
			productRefGroup = 0C5A964E255A3C1600C653AF /* Products */;
			projectDirPath = "";
			projectRoot = "";
			targets = (
				0C5A964C255A3C1600C653AF /* GrassIosSamples */,
				0C5A9667255A3C1600C653AF /* GrassIosSamplesTests */,
				0C5A9672255A3C1600C653AF /* GrassIosSamplesUITests */,
			);
		};
/* End PBXProject section */

/* Begin PBXResourcesBuildPhase section */
		0C5A964B255A3C1600C653AF /* Resources */ = {
			isa = PBXResourcesBuildPhase;
			buildActionMask = 2147483647;
			files = (
				0C5A9660255A3C1600C653AF /* LaunchScreen.storyboard in Resources */,
				0C5A965D255A3C1600C653AF /* Assets.xcassets in Resources */,
			);
			runOnlyForDeploymentPostprocessing = 0;
		};
		0C5A9666255A3C1600C653AF /* Resources */ = {
			isa = PBXResourcesBuildPhase;
			buildActionMask = 2147483647;
			files = (
			);
			runOnlyForDeploymentPostprocessing = 0;
		};
		0C5A9671255A3C1600C653AF /* Resources */ = {
			isa = PBXResourcesBuildPhase;
			buildActionMask = 2147483647;
			files = (
			);
			runOnlyForDeploymentPostprocessing = 0;
		};
/* End PBXResourcesBuildPhase section */

/* Begin PBXShellScriptBuildPhase section */
		90EEB45531EDBF17B02C6CFB /* [CP] Check Pods Manifest.lock */ = {
			isa = PBXShellScriptBuildPhase;
			buildActionMask = 2147483647;
			files = (
			);
			inputFileListPaths = (
			);
			inputPaths = (
				"${PODS_PODFILE_DIR_PATH}/Podfile.lock",
				"${PODS_ROOT}/Manifest.lock",
			);
			name = "[CP] Check Pods Manifest.lock";
			outputFileListPaths = (
			);
			outputPaths = (
				"$(DERIVED_FILE_DIR)/Pods-GrassIosSamplesTests-checkManifestLockResult.txt",
			);
			runOnlyForDeploymentPostprocessing = 0;
			shellPath = /bin/sh;
			shellScript = "diff \"${PODS_PODFILE_DIR_PATH}/Podfile.lock\" \"${PODS_ROOT}/Manifest.lock\" > /dev/null\nif [ $? != 0 ] ; then\n    # print error to STDERR\n    echo \"error: The sandbox is not in sync with the Podfile.lock. Run 'pod install' or update your CocoaPods installation.\" >&2\n    exit 1\nfi\n# This output is used by Xcode 'outputs' to avoid re-running this script phase.\necho \"SUCCESS\" > \"${SCRIPT_OUTPUT_FILE_0}\"\n";
			showEnvVarsInLog = 0;
		};
		9436D59DDAD8E17D63A48887 /* [CP] Check Pods Manifest.lock */ = {
			isa = PBXShellScriptBuildPhase;
			buildActionMask = 2147483647;
			files = (
			);
			inputFileListPaths = (
			);
			inputPaths = (
				"${PODS_PODFILE_DIR_PATH}/Podfile.lock",
				"${PODS_ROOT}/Manifest.lock",
			);
			name = "[CP] Check Pods Manifest.lock";
			outputFileListPaths = (
			);
			outputPaths = (
				"$(DERIVED_FILE_DIR)/Pods-GrassIosSamples-checkManifestLockResult.txt",
			);
			runOnlyForDeploymentPostprocessing = 0;
			shellPath = /bin/sh;
			shellScript = "diff \"${PODS_PODFILE_DIR_PATH}/Podfile.lock\" \"${PODS_ROOT}/Manifest.lock\" > /dev/null\nif [ $? != 0 ] ; then\n    # print error to STDERR\n    echo \"error: The sandbox is not in sync with the Podfile.lock. Run 'pod install' or update your CocoaPods installation.\" >&2\n    exit 1\nfi\n# This output is used by Xcode 'outputs' to avoid re-running this script phase.\necho \"SUCCESS\" > \"${SCRIPT_OUTPUT_FILE_0}\"\n";
			showEnvVarsInLog = 0;
		};
		988045DF6620E294E9F44A4C /* [CP] Check Pods Manifest.lock */ = {
			isa = PBXShellScriptBuildPhase;
			buildActionMask = 2147483647;
			files = (
			);
			inputFileListPaths = (
			);
			inputPaths = (
				"${PODS_PODFILE_DIR_PATH}/Podfile.lock",
				"${PODS_ROOT}/Manifest.lock",
			);
			name = "[CP] Check Pods Manifest.lock";
			outputFileListPaths = (
			);
			outputPaths = (
				"$(DERIVED_FILE_DIR)/Pods-GrassIosSamples-GrassIosSamplesUITests-checkManifestLockResult.txt",
			);
			runOnlyForDeploymentPostprocessing = 0;
			shellPath = /bin/sh;
			shellScript = "diff \"${PODS_PODFILE_DIR_PATH}/Podfile.lock\" \"${PODS_ROOT}/Manifest.lock\" > /dev/null\nif [ $? != 0 ] ; then\n    # print error to STDERR\n    echo \"error: The sandbox is not in sync with the Podfile.lock. Run 'pod install' or update your CocoaPods installation.\" >&2\n    exit 1\nfi\n# This output is used by Xcode 'outputs' to avoid re-running this script phase.\necho \"SUCCESS\" > \"${SCRIPT_OUTPUT_FILE_0}\"\n";
			showEnvVarsInLog = 0;
		};
		A43D349F945D69DD1A752F78 /* [CP] Embed Pods Frameworks */ = {
			isa = PBXShellScriptBuildPhase;
			buildActionMask = 2147483647;
			files = (
			);
			inputFileListPaths = (
				"${PODS_ROOT}/Target Support Files/Pods-GrassIosSamplesTests/Pods-GrassIosSamplesTests-frameworks-${CONFIGURATION}-input-files.xcfilelist",
			);
			name = "[CP] Embed Pods Frameworks";
			outputFileListPaths = (
				"${PODS_ROOT}/Target Support Files/Pods-GrassIosSamplesTests/Pods-GrassIosSamplesTests-frameworks-${CONFIGURATION}-output-files.xcfilelist",
			);
			runOnlyForDeploymentPostprocessing = 0;
			shellPath = /bin/sh;
			shellScript = "\"${PODS_ROOT}/Target Support Files/Pods-GrassIosSamplesTests/Pods-GrassIosSamplesTests-frameworks.sh\"\n";
			showEnvVarsInLog = 0;
		};
/* End PBXShellScriptBuildPhase section */

/* Begin PBXSourcesBuildPhase section */
		0C5A9649255A3C1600C653AF /* Sources */ = {
			isa = PBXSourcesBuildPhase;
			buildActionMask = 2147483647;
			files = (
				A424627A2570E99D00C643B7 /* SWTVSampleListViewController.m in Sources */,
				A424628D2570ED0E00C643B7 /* SWAlertViewController.m in Sources */,
				0C5A96D7255AB42A00C653AF /* SampleViewController.m in Sources */,
				A4DEF5EA2565154A0076D5D1 /* HelloJsonViewController.m in Sources */,
				0C5A9693255A78CF00C653AF /* SampleListViewController.m in Sources */,
				0C5A96CA255AA45800C653AF /* SampleInfo.m in Sources */,
				A4DEF5F0256517A30076D5D1 /* HelloNSNotificationViewController.m in Sources */,
				0C5A96AB255A876000C653AF /* ImageUIViewController.m in Sources */,
				0C5A9652255A3C1600C653AF /* AppDelegate.m in Sources */,
				A4D4F217256BE0F30037E1F4 /* QADAdConfigManager.m in Sources */,
				A4928F63255BEE2500D82EF3 /* CustomView.m in Sources */,
				B7524F0125A1DB61008EB751 /* SWNSAttributeStringViewController.m in Sources */,
				A469927C2579012C00B192BD /* SWSemaphoreDemo.m in Sources */,
				0C6F88FC256A5448009D5594 /* QLAppLaunchTaskList.m in Sources */,
				0C6F890B256A573F009D5594 /* QLAppLaunchTaskList_Mainsync2.m in Sources */,
				0C6F8905256A5727009D5594 /* QLAppLaunchTaskList_MainSync1.m in Sources */,
				0C5A96B1255A878600C653AF /* ButtonViewController.m in Sources */,
				A4928FA6255CDF6000D82EF3 /* QLReCord.m in Sources */,
				A42462812570EC1100C643B7 /* SWGcdViewController.m in Sources */,
				A4928F5B255BED6E00D82EF3 /* CustomViewViewController.m in Sources */,
				A42462742570E42600C643B7 /* SWNavigationController.m in Sources */,
				A405A1B7259989040019A853 /* SWUILableViewController.m in Sources */,
				0C5A9663255A3C1600C653AF /* main.m in Sources */,
				0C5A96BA255AA27D00C653AF /* BaseSampleInfo.m in Sources */,
				A4DEF4D525627BE10076D5D1 /* GetIDFAViewController.m in Sources */,
				0C5A9655255A3C1600C653AF /* SceneDelegate.m in Sources */,
				A4D4F21E256BE1B00037E1F4 /* QADIdfaManager.m in Sources */,
				0CEC0D82257B84DE0075AA5A /* SWCollectionViewController.m in Sources */,
				A42462562570E34A00C643B7 /* SWBaseSampleListViewController.m in Sources */,
				0C6F8915256A59F8009D5594 /* MockTVViewController.m in Sources */,
				A42461B82570D86C00C643B7 /* SWHomeTabBarController.m in Sources */,
				A42461BE2570D8C100C643B7 /* SWPureOCViewController.m in Sources */,
				A4DEF5E42565151E0076D5D1 /* NSUserDefaultsViewController.m in Sources */,
			);
			runOnlyForDeploymentPostprocessing = 0;
		};
		0C5A9664255A3C1600C653AF /* Sources */ = {
			isa = PBXSourcesBuildPhase;
			buildActionMask = 2147483647;
			files = (
				0C5A966D255A3C1600C653AF /* GrassIosSamplesTests.m in Sources */,
				A4D4F232256BE3050037E1F4 /* QADIdfaManagerTest.m in Sources */,
				A4928FB6255CE1C900D82EF3 /* QLRecordTest.m in Sources */,
				B7524F0625A1FD03008EB751 /* HelloTestDemo.m in Sources */,
			);
			runOnlyForDeploymentPostprocessing = 0;
		};
		0C5A966F255A3C1600C653AF /* Sources */ = {
			isa = PBXSourcesBuildPhase;
			buildActionMask = 2147483647;
			files = (
				0C5A9678255A3C1700C653AF /* GrassIosSamplesUITests.m in Sources */,
			);
			runOnlyForDeploymentPostprocessing = 0;
		};
/* End PBXSourcesBuildPhase section */

/* Begin PBXTargetDependency section */
		0C5A966A255A3C1600C653AF /* PBXTargetDependency */ = {
			isa = PBXTargetDependency;
			target = 0C5A964C255A3C1600C653AF /* GrassIosSamples */;
			targetProxy = 0C5A9669255A3C1600C653AF /* PBXContainerItemProxy */;
		};
		0C5A9675255A3C1600C653AF /* PBXTargetDependency */ = {
			isa = PBXTargetDependency;
			target = 0C5A964C255A3C1600C653AF /* GrassIosSamples */;
			targetProxy = 0C5A9674255A3C1600C653AF /* PBXContainerItemProxy */;
		};
/* End PBXTargetDependency section */

/* Begin PBXVariantGroup section */
		0C5A965E255A3C1600C653AF /* LaunchScreen.storyboard */ = {
			isa = PBXVariantGroup;
			children = (
				0C5A965F255A3C1600C653AF /* Base */,
			);
			name = LaunchScreen.storyboard;
			sourceTree = "<group>";
		};
/* End PBXVariantGroup section */

/* Begin XCBuildConfiguration section */
		0C5A967A255A3C1700C653AF /* Debug */ = {
			isa = XCBuildConfiguration;
			buildSettings = {
				ALWAYS_SEARCH_USER_PATHS = NO;
				CLANG_ANALYZER_NONNULL = YES;
				CLANG_ANALYZER_NUMBER_OBJECT_CONVERSION = YES_AGGRESSIVE;
				CLANG_CXX_LANGUAGE_STANDARD = "gnu++14";
				CLANG_CXX_LIBRARY = "libc++";
				CLANG_ENABLE_MODULES = YES;
				CLANG_ENABLE_OBJC_ARC = YES;
				CLANG_ENABLE_OBJC_WEAK = YES;
				CLANG_WARN_BLOCK_CAPTURE_AUTORELEASING = YES;
				CLANG_WARN_BOOL_CONVERSION = YES;
				CLANG_WARN_COMMA = YES;
				CLANG_WARN_CONSTANT_CONVERSION = YES;
				CLANG_WARN_DEPRECATED_OBJC_IMPLEMENTATIONS = YES;
				CLANG_WARN_DIRECT_OBJC_ISA_USAGE = YES_ERROR;
				CLANG_WARN_DOCUMENTATION_COMMENTS = YES;
				CLANG_WARN_EMPTY_BODY = YES;
				CLANG_WARN_ENUM_CONVERSION = YES;
				CLANG_WARN_INFINITE_RECURSION = YES;
				CLANG_WARN_INT_CONVERSION = YES;
				CLANG_WARN_NON_LITERAL_NULL_CONVERSION = YES;
				CLANG_WARN_OBJC_IMPLICIT_RETAIN_SELF = YES;
				CLANG_WARN_OBJC_LITERAL_CONVERSION = YES;
				CLANG_WARN_OBJC_ROOT_CLASS = YES_ERROR;
				CLANG_WARN_QUOTED_INCLUDE_IN_FRAMEWORK_HEADER = YES;
				CLANG_WARN_RANGE_LOOP_ANALYSIS = YES;
				CLANG_WARN_STRICT_PROTOTYPES = YES;
				CLANG_WARN_SUSPICIOUS_MOVE = YES;
				CLANG_WARN_UNGUARDED_AVAILABILITY = YES_AGGRESSIVE;
				CLANG_WARN_UNREACHABLE_CODE = YES;
				CLANG_WARN__DUPLICATE_METHOD_MATCH = YES;
				COPY_PHASE_STRIP = NO;
				DEBUG_INFORMATION_FORMAT = dwarf;
				ENABLE_STRICT_OBJC_MSGSEND = YES;
				ENABLE_TESTABILITY = YES;
				GCC_C_LANGUAGE_STANDARD = gnu11;
				GCC_DYNAMIC_NO_PIC = NO;
				GCC_NO_COMMON_BLOCKS = YES;
				GCC_OPTIMIZATION_LEVEL = 0;
				GCC_PREPROCESSOR_DEFINITIONS = (
					"DEBUG=1",
					"$(inherited)",
				);
				GCC_WARN_64_TO_32_BIT_CONVERSION = YES;
				GCC_WARN_ABOUT_RETURN_TYPE = YES_ERROR;
				GCC_WARN_UNDECLARED_SELECTOR = YES;
				GCC_WARN_UNINITIALIZED_AUTOS = YES_AGGRESSIVE;
				GCC_WARN_UNUSED_FUNCTION = YES;
				GCC_WARN_UNUSED_VARIABLE = YES;
				IPHONEOS_DEPLOYMENT_TARGET = 14.1;
				MTL_ENABLE_DEBUG_INFO = INCLUDE_SOURCE;
				MTL_FAST_MATH = YES;
				ONLY_ACTIVE_ARCH = YES;
				SDKROOT = iphoneos;
			};
			name = Debug;
		};
		0C5A967B255A3C1700C653AF /* Release */ = {
			isa = XCBuildConfiguration;
			buildSettings = {
				ALWAYS_SEARCH_USER_PATHS = NO;
				CLANG_ANALYZER_NONNULL = YES;
				CLANG_ANALYZER_NUMBER_OBJECT_CONVERSION = YES_AGGRESSIVE;
				CLANG_CXX_LANGUAGE_STANDARD = "gnu++14";
				CLANG_CXX_LIBRARY = "libc++";
				CLANG_ENABLE_MODULES = YES;
				CLANG_ENABLE_OBJC_ARC = YES;
				CLANG_ENABLE_OBJC_WEAK = YES;
				CLANG_WARN_BLOCK_CAPTURE_AUTORELEASING = YES;
				CLANG_WARN_BOOL_CONVERSION = YES;
				CLANG_WARN_COMMA = YES;
				CLANG_WARN_CONSTANT_CONVERSION = YES;
				CLANG_WARN_DEPRECATED_OBJC_IMPLEMENTATIONS = YES;
				CLANG_WARN_DIRECT_OBJC_ISA_USAGE = YES_ERROR;
				CLANG_WARN_DOCUMENTATION_COMMENTS = YES;
				CLANG_WARN_EMPTY_BODY = YES;
				CLANG_WARN_ENUM_CONVERSION = YES;
				CLANG_WARN_INFINITE_RECURSION = YES;
				CLANG_WARN_INT_CONVERSION = YES;
				CLANG_WARN_NON_LITERAL_NULL_CONVERSION = YES;
				CLANG_WARN_OBJC_IMPLICIT_RETAIN_SELF = YES;
				CLANG_WARN_OBJC_LITERAL_CONVERSION = YES;
				CLANG_WARN_OBJC_ROOT_CLASS = YES_ERROR;
				CLANG_WARN_QUOTED_INCLUDE_IN_FRAMEWORK_HEADER = YES;
				CLANG_WARN_RANGE_LOOP_ANALYSIS = YES;
				CLANG_WARN_STRICT_PROTOTYPES = YES;
				CLANG_WARN_SUSPICIOUS_MOVE = YES;
				CLANG_WARN_UNGUARDED_AVAILABILITY = YES_AGGRESSIVE;
				CLANG_WARN_UNREACHABLE_CODE = YES;
				CLANG_WARN__DUPLICATE_METHOD_MATCH = YES;
				COPY_PHASE_STRIP = NO;
				DEBUG_INFORMATION_FORMAT = "dwarf-with-dsym";
				ENABLE_NS_ASSERTIONS = NO;
				ENABLE_STRICT_OBJC_MSGSEND = YES;
				GCC_C_LANGUAGE_STANDARD = gnu11;
				GCC_NO_COMMON_BLOCKS = YES;
				GCC_WARN_64_TO_32_BIT_CONVERSION = YES;
				GCC_WARN_ABOUT_RETURN_TYPE = YES_ERROR;
				GCC_WARN_UNDECLARED_SELECTOR = YES;
				GCC_WARN_UNINITIALIZED_AUTOS = YES_AGGRESSIVE;
				GCC_WARN_UNUSED_FUNCTION = YES;
				GCC_WARN_UNUSED_VARIABLE = YES;
				IPHONEOS_DEPLOYMENT_TARGET = 14.1;
				MTL_ENABLE_DEBUG_INFO = NO;
				MTL_FAST_MATH = YES;
				SDKROOT = iphoneos;
				VALIDATE_PRODUCT = YES;
			};
			name = Release;
		};
		0C5A967D255A3C1700C653AF /* Debug */ = {
			isa = XCBuildConfiguration;
			baseConfigurationReference = 9B21B986DD9DD4A8FC7F36D7 /* Pods-GrassIosSamples.debug.xcconfig */;
			buildSettings = {
				ASSETCATALOG_COMPILER_APPICON_NAME = AppIcon;
				ASSETCATALOG_COMPILER_GLOBAL_ACCENT_COLOR_NAME = AccentColor;
				CODE_SIGN_STYLE = Automatic;
				INFOPLIST_FILE = GrassIosSamples/Info.plist;
				LD_RUNPATH_SEARCH_PATHS = (
					"$(inherited)",
					"@executable_path/Frameworks",
				);
				PRODUCT_BUNDLE_IDENTIFIER = grass.GrassIosSamples;
				PRODUCT_NAME = "$(TARGET_NAME)";
				TARGETED_DEVICE_FAMILY = 1;
			};
			name = Debug;
		};
		0C5A967E255A3C1700C653AF /* Release */ = {
			isa = XCBuildConfiguration;
			baseConfigurationReference = C7F7ADF5F5EFC89F1D351307 /* Pods-GrassIosSamples.release.xcconfig */;
			buildSettings = {
				ASSETCATALOG_COMPILER_APPICON_NAME = AppIcon;
				ASSETCATALOG_COMPILER_GLOBAL_ACCENT_COLOR_NAME = AccentColor;
				CODE_SIGN_STYLE = Automatic;
				INFOPLIST_FILE = GrassIosSamples/Info.plist;
				LD_RUNPATH_SEARCH_PATHS = (
					"$(inherited)",
					"@executable_path/Frameworks",
				);
				PRODUCT_BUNDLE_IDENTIFIER = grass.GrassIosSamples;
				PRODUCT_NAME = "$(TARGET_NAME)";
				TARGETED_DEVICE_FAMILY = 1;
			};
			name = Release;
		};
		0C5A9680255A3C1700C653AF /* Debug */ = {
			isa = XCBuildConfiguration;
			baseConfigurationReference = 89010B796ACEDA1DA284A605 /* Pods-GrassIosSamplesTests.debug.xcconfig */;
			buildSettings = {
				BUNDLE_LOADER = "$(TEST_HOST)";
				CODE_SIGN_STYLE = Automatic;
				INFOPLIST_FILE = GrassIosSamplesTests/Info.plist;
				IPHONEOS_DEPLOYMENT_TARGET = 14.1;
				LD_RUNPATH_SEARCH_PATHS = (
					"$(inherited)",
					"@executable_path/Frameworks",
					"@loader_path/Frameworks",
				);
				PRODUCT_BUNDLE_IDENTIFIER = grass.GrassIosSamplesTests;
				PRODUCT_NAME = "$(TARGET_NAME)";
				TARGETED_DEVICE_FAMILY = "1,2";
				TEST_HOST = "$(BUILT_PRODUCTS_DIR)/GrassIosSamples.app/GrassIosSamples";
			};
			name = Debug;
		};
		0C5A9681255A3C1700C653AF /* Release */ = {
			isa = XCBuildConfiguration;
			baseConfigurationReference = 0C3D25CED76082113FE0475B /* Pods-GrassIosSamplesTests.release.xcconfig */;
			buildSettings = {
				BUNDLE_LOADER = "$(TEST_HOST)";
				CODE_SIGN_STYLE = Automatic;
				INFOPLIST_FILE = GrassIosSamplesTests/Info.plist;
				IPHONEOS_DEPLOYMENT_TARGET = 14.1;
				LD_RUNPATH_SEARCH_PATHS = (
					"$(inherited)",
					"@executable_path/Frameworks",
					"@loader_path/Frameworks",
				);
				PRODUCT_BUNDLE_IDENTIFIER = grass.GrassIosSamplesTests;
				PRODUCT_NAME = "$(TARGET_NAME)";
				TARGETED_DEVICE_FAMILY = "1,2";
				TEST_HOST = "$(BUILT_PRODUCTS_DIR)/GrassIosSamples.app/GrassIosSamples";
			};
			name = Release;
		};
		0C5A9683255A3C1700C653AF /* Debug */ = {
			isa = XCBuildConfiguration;
			baseConfigurationReference = 28DE0D4B0A32C3C369385EBC /* Pods-GrassIosSamples-GrassIosSamplesUITests.debug.xcconfig */;
			buildSettings = {
				CODE_SIGN_STYLE = Automatic;
				INFOPLIST_FILE = GrassIosSamplesUITests/Info.plist;
				LD_RUNPATH_SEARCH_PATHS = (
					"$(inherited)",
					"@executable_path/Frameworks",
					"@loader_path/Frameworks",
				);
				PRODUCT_BUNDLE_IDENTIFIER = grass.GrassIosSamplesUITests;
				PRODUCT_NAME = "$(TARGET_NAME)";
				TARGETED_DEVICE_FAMILY = "1,2";
				TEST_TARGET_NAME = GrassIosSamples;
			};
			name = Debug;
		};
		0C5A9684255A3C1700C653AF /* Release */ = {
			isa = XCBuildConfiguration;
			baseConfigurationReference = BCAE541ADF8C48398ADEB95D /* Pods-GrassIosSamples-GrassIosSamplesUITests.release.xcconfig */;
			buildSettings = {
				CODE_SIGN_STYLE = Automatic;
				INFOPLIST_FILE = GrassIosSamplesUITests/Info.plist;
				LD_RUNPATH_SEARCH_PATHS = (
					"$(inherited)",
					"@executable_path/Frameworks",
					"@loader_path/Frameworks",
				);
				PRODUCT_BUNDLE_IDENTIFIER = grass.GrassIosSamplesUITests;
				PRODUCT_NAME = "$(TARGET_NAME)";
				TARGETED_DEVICE_FAMILY = "1,2";
				TEST_TARGET_NAME = GrassIosSamples;
			};
			name = Release;
		};
/* End XCBuildConfiguration section */

/* Begin XCConfigurationList section */
		0C5A9648255A3C1500C653AF /* Build configuration list for PBXProject "GrassIosSamples" */ = {
			isa = XCConfigurationList;
			buildConfigurations = (
				0C5A967A255A3C1700C653AF /* Debug */,
				0C5A967B255A3C1700C653AF /* Release */,
			);
			defaultConfigurationIsVisible = 0;
			defaultConfigurationName = Release;
		};
		0C5A967C255A3C1700C653AF /* Build configuration list for PBXNativeTarget "GrassIosSamples" */ = {
			isa = XCConfigurationList;
			buildConfigurations = (
				0C5A967D255A3C1700C653AF /* Debug */,
				0C5A967E255A3C1700C653AF /* Release */,
			);
			defaultConfigurationIsVisible = 0;
			defaultConfigurationName = Release;
		};
		0C5A967F255A3C1700C653AF /* Build configuration list for PBXNativeTarget "GrassIosSamplesTests" */ = {
			isa = XCConfigurationList;
			buildConfigurations = (
				0C5A9680255A3C1700C653AF /* Debug */,
				0C5A9681255A3C1700C653AF /* Release */,
			);
			defaultConfigurationIsVisible = 0;
			defaultConfigurationName = Release;
		};
		0C5A9682255A3C1700C653AF /* Build configuration list for PBXNativeTarget "GrassIosSamplesUITests" */ = {
			isa = XCConfigurationList;
			buildConfigurations = (
				0C5A9683255A3C1700C653AF /* Debug */,
				0C5A9684255A3C1700C653AF /* Release */,
			);
			defaultConfigurationIsVisible = 0;
			defaultConfigurationName = Release;
		};
/* End XCConfigurationList section */
	};
	rootObject = 0C5A9645255A3C1500C653AF /* Project object */;
}
